
Microsoft Visual Studio Solution File, Format Version 11.00
# Visual Studio 2010
Project("{8BC9CEB8-8B4A-11D0-8D11-00A0C91BC942}") = "RemoteViewLib", "RemoteViewLib\RemoteViewLib.vcxproj", "{71440142-17FD-4C14-80B6-6E3B78BE6EAC}"
EndProject
Global
	GlobalSection(SolutionConfigurationPlatforms) = preSolution
		Debug|Win32 = Debug|Win32
		Release|Win32 = Release|Win32
	EndGlobalSection
	GlobalSection(ProjectConfigurationPlatforms) = postSolution
		{71440142-17FD-4C14-80B6-6E3B78BE6EAC}.Debug|Win32.ActiveCfg = Debug|Win32
		{71440142-17FD-4C14-80B6-6E3B78BE6EAC}.Debug|Win32.Build.0 = Debug|Win32
		{71440142-17FD-4C14-80B6-6E3B78BE6EAC}.Release|Win32.ActiveCfg = Release|Win32
		{71440142-17FD-4C14-80B6-6E3B78BE6EAC}.Release|Win32.Build.0 = Release|Win32
	EndGlobalSection
	GlobalSection(SolutionProperties) = preSolution
		HideSolutionNode = FALSE
	EndGlobalSection
EndGlobal
